
Microsoft Visual Studio Solution File, Format Version 12.00
# Visual Studio Version 17
VisualStudioVersion = 17.14.37516.0 d17.14
MinimumVisualStudioVersion = 10.0.40219.1
Project("{FAE04EC0-301F-11D3-BF4B-00C04F79EFBC}") = "Gerenciador nota de alunos", "Gerenciador nota de alunos\Gerenciador nota de alunos.csproj", "{F92951F5-6304-4674-BF45-D499B3423771}"
EndProject
Global
	GlobalSection(SolutionConfigurationPlatforms) = preSolution
		Debug|Any CPU = Debug|Any CPU
		Release|Any CPU = Release|Any CPU
	EndGlobalSection
	GlobalSection(ProjectConfigurationPlatforms) = postSolution
		{F92951F5-6304-4674-BF45-D499B3423771}.Debug|Any CPU.ActiveCfg = Debug|Any CPU
		{F92951F5-6304-4674-BF45-D499B3423771}.Debug|Any CPU.Build.0 = Debug|Any CPU
		{F92951F5-6304-4674-BF45-D499B3423771}.Release|Any CPU.ActiveCfg = Release|Any CPU
		{F92951F5-6304-4674-BF45-D499B3423771}.Release|Any CPU.Build.0 = Release|Any CPU
	EndGlobalSection
	GlobalSection(SolutionProperties) = preSolution
		HideSolutionNode = FALSE
	EndGlobalSection
	GlobalSection(ExtensibilityGlobals) = postSolution
		SolutionGuid = {87A6D017-9703-4276-ABF1-895C97B39CA0}
	EndGlobalSection
EndGlobal
